
Microsoft Visual Studio Solution File, Format Version 12.00
# Visual Studio Version 17
VisualStudioVersion = 17.3.32929.385
MinimumVisualStudioVersion = 10.0.40219.1
Project("{FAE04EC0-301F-11D3-BF4B-00C04F79EFBC}") = "AppWS", "AppWS\AppWS.csproj", "{2C01B04C-799D-4945-990D-965FEFE2247B}"
EndProject
Global
	GlobalSection(SolutionConfigurationPlatforms) = preSolution
		Debug|Any CPU = Debug|Any CPU
		Release|Any CPU = Release|Any CPU
	EndGlobalSection
	GlobalSection(ProjectConfigurationPlatforms) = postSolution
		{2C01B04C-799D-4945-990D-965FEFE2247B}.Debug|Any CPU.ActiveCfg = Debug|Any CPU
		{2C01B04C-799D-4945-990D-965FEFE2247B}.Debug|Any CPU.Build.0 = Debug|Any CPU
		{2C01B04C-799D-4945-990D-965FEFE2247B}.Release|Any CPU.ActiveCfg = Release|Any CPU
		{2C01B04C-799D-4945-990D-965FEFE2247B}.Release|Any CPU.Build.0 = Release|Any CPU
	EndGlobalSection
	GlobalSection(SolutionProperties) = preSolution
		HideSolutionNode = FALSE
	EndGlobalSection
	GlobalSection(ExtensibilityGlobals) = postSolution
		SolutionGuid = {91B66991-80BD-47EF-AA1C-A495712F6249}
	EndGlobalSection
EndGlobal
